{
  "requires": true,
  "lockfileVersion": 1,
  "dependencies": {
    "mdui": {
      "version": "0.4.3",
      "resolved": "https://registry.npmjs.org/mdui/-/mdui-0.4.3.tgz",
      "integrity": "sha512-WIeZh+ZzTJc+FT3jHfrPvmKMeC32KiIra67rNVsPugiN+scTdjSx+9P25z7yzmwFTYHenjYvy7/kWOZf9gzd4Q=="
    }
  }
}
